// !$*UTF8*$!
{
	archiveVersion = 1;
	classes = {
	};
	objectVersion = 46;
	objects = {

/* Begin PBXBuildFile section */
		7DD9FB741BF42BCC009956E5 /* main.m in Sources */ = {isa = PBXBuildFile; fileRef = 7DD9FB731BF42BCC009956E5 /* main.m */; };
		7DD9FB771BF42BCC009956E5 /* AppDelegate.m in Sources */ = {isa = PBXBuildFile; fileRef = 7DD9FB761BF42BCC009956E5 /* AppDelegate.m */; };
		7DD9FB7A1BF42BCC009956E5 /* FirstViewController.m in Sources */ = {isa = PBXBuildFile; fileRef = 7DD9FB791BF42BCC009956E5 /* FirstViewController.m */; };
		7DD9FB7D1BF42BCC009956E5 /* SecondViewController.m in Sources */ = {isa = PBXBuildFile; fileRef = 7DD9FB7C1BF42BCC009956E5 /* SecondViewController.m */; };
		7DD9FB801BF42BCC009956E5 /* Main.storyboard in Resources */ = {isa = PBXBuildFile; fileRef = 7DD9FB7E1BF42BCC009956E5 /* Main.storyboard */; };
		7DD9FB821BF42BCC009956E5 /* Images.xcassets in Resources */ = {isa = PBXBuildFile; fileRef = 7DD9FB811BF42BCC009956E5 /* Images.xcassets */; };
		7DD9FB851BF42BCC009956E5 /* LaunchScreen.xib in Resources */ = {isa = PBXBuildFile; fileRef = 7DD9FB831BF42BCC009956E5 /* LaunchScreen.xib */; };
		7DD9FB911BF42BCC009956E5 /* SoundVisionTests.m in Sources */ = {isa = PBXBuildFile; fileRef = 7DD9FB901BF42BCC009956E5 /* SoundVisionTests.m */; };
/* End PBXBuildFile section */

/* Begin PBXContainerItemProxy section */
		7DD9FB8B1BF42BCC009956E5 /* PBXContainerItemProxy */ = {
			isa = PBXContainerItemProxy;
			containerPortal = 7DD9FB661BF42BCB009956E5 /* Project object */;
			proxyType = 1;
			remoteGlobalIDString = 7DD9FB6D1BF42BCB009956E5;
			remoteInfo = SoundVision;
		};
/* End PBXContainerItemProxy section */

/* Begin PBXFileReference section */
		7DD9FB6E1BF42BCB009956E5 /* SoundVision.app */ = {isa = PBXFileReference; explicitFileType = wrapper.application; includeInIndex = 0; path = SoundVision.app; sourceTree = BUILT_PRODUCTS_DIR; };
		7DD9FB721BF42BCC009956E5 /* Info.plist */ = {isa = PBXFileReference; lastKnownFileType = text.plist.xml; path = Info.plist; sourceTree = "<group>"; };
		7DD9FB731BF42BCC009956E5 /* main.m */ = {isa = PBXFileReference; lastKnownFileType = sourcecode.c.objc; path = main.m; sourceTree = "<group>"; };
		7DD9FB751BF42BCC009956E5 /* AppDelegate.h */ = {isa = PBXFileReference; lastKnownFileType = sourcecode.c.h; path = AppDelegate.h; sourceTree = "<group>"; };
		7DD9FB761BF42BCC009956E5 /* AppDelegate.m */ = {isa = PBXFileReference; lastKnownFileType = sourcecode.c.objc; path = AppDelegate.m; sourceTree = "<group>"; };
		7DD9FB781BF42BCC009956E5 /* FirstViewController.h */ = {isa = PBXFileReference; lastKnownFileType = sourcecode.c.h; path = FirstViewController.h; sourceTree = "<group>"; };
		7DD9FB791BF42BCC009956E5 /* FirstViewController.m */ = {isa = PBXFileReference; lastKnownFileType = sourcecode.c.objc; path = FirstViewController.m; sourceTree = "<group>"; };
		7DD9FB7B1BF42BCC009956E5 /* SecondViewController.h */ = {isa = PBXFileReference; lastKnownFileType = sourcecode.c.h; path = SecondViewController.h; sourceTree = "<group>"; };
		7DD9FB7C1BF42BCC009956E5 /* SecondViewController.m */ = {isa = PBXFileReference; lastKnownFileType = sourcecode.c.objc; path = SecondViewController.m; sourceTree = "<group>"; };
		7DD9FB7F1BF42BCC009956E5 /* Base */ = {isa = PBXFileReference; lastKnownFileType = file.storyboard; name = Base; path = Base.lproj/Main.storyboard; sourceTree = "<group>"; };
		7DD9FB811BF42BCC009956E5 /* Images.xcassets */ = {isa = PBXFileReference; lastKnownFileType = folder.assetcatalog; path = Images.xcassets; sourceTree = "<group>"; };
		7DD9FB841BF42BCC009956E5 /* Base */ = {isa = PBXFileReference; lastKnownFileType = file.xib; name = Base; path = Base.lproj/LaunchScreen.xib; sourceTree = "<group>"; };
		7DD9FB8A1BF42BCC009956E5 /* SoundVisionTests.xctest */ = {isa = PBXFileReference; explicitFileType = wrapper.cfbundle; includeInIndex = 0; path = SoundVisionTests.xctest; sourceTree = BUILT_PRODUCTS_DIR; };
		7DD9FB8F1BF42BCC009956E5 /* Info.plist */ = {isa = PBXFileReference; lastKnownFileType = text.plist.xml; path = Info.plist; sourceTree = "<group>"; };
		7DD9FB901BF42BCC009956E5 /* SoundVisionTests.m */ = {isa = PBXFileReference; lastKnownFileType = sourcecode.c.objc; path = SoundVisionTests.m; sourceTree = "<group>"; };
/* End PBXFileReference section */

/* Begin PBXFrameworksBuildPhase section */
		7DD9FB6B1BF42BCB009956E5 /* Frameworks */ = {
			isa = PBXFrameworksBuildPhase;
			buildActionMask = 2147483647;
			files = (
			);
			runOnlyForDeploymentPostprocessing = 0;
		};
		7DD9FB871BF42BCC009956E5 /* Frameworks */ = {
			isa = PBXFrameworksBuildPhase;
			buildActionMask = 2147483647;
			files = (
			);
			runOnlyForDeploymentPostprocessing = 0;
		};
/* End PBXFrameworksBuildPhase section */

/* Begin PBXGroup section */
		7DD9FB651BF42BCB009956E5 = {
			isa = PBXGroup;
			children = (
				7DD9FB701BF42BCB009956E5 /* SoundVision */,
				7DD9FB8D1BF42BCC009956E5 /* SoundVisionTests */,
				7DD9FB6F1BF42BCB009956E5 /* Products */,
			);
			sourceTree = "<group>";
		};
		7DD9FB6F1BF42BCB009956E5 /* Products */ = {
			isa = PBXGroup;
			children = (
				7DD9FB6E1BF42BCB009956E5 /* SoundVision.app */,
				7DD9FB8A1BF42BCC009956E5 /* SoundVisionTests.xctest */,
			);
			name = Products;
			sourceTree = "<group>";
		};
		7DD9FB701BF42BCB009956E5 /* SoundVision */ = {
			isa = PBXGroup;
			children = (
				7DD9FB751BF42BCC009956E5 /* AppDelegate.h */,
				7DD9FB761BF42BCC009956E5 /* AppDelegate.m */,
				7DD9FB781BF42BCC009956E5 /* FirstViewController.h */,
				7DD9FB791BF42BCC009956E5 /* FirstViewController.m */,
				7DD9FB7B1BF42BCC009956E5 /* SecondViewController.h */,
				7DD9FB7C1BF42BCC009956E5 /* SecondViewController.m */,
				7DD9FB7E1BF42BCC009956E5 /* Main.storyboard */,
				7DD9FB811BF42BCC009956E5 /* Images.xcassets */,
				7DD9FB831BF42BCC009956E5 /* LaunchScreen.xib */,
				7DD9FB711BF42BCB009956E5 /* Supporting Files */,
			);
			path = SoundVision;
			sourceTree = "<group>";
		};
		7DD9FB711BF42BCB009956E5 /* Supporting Files */ = {
			isa = PBXGroup;
			children = (
				7DD9FB721BF42BCC009956E5 /* Info.plist */,
				7DD9FB731BF42BCC009956E5 /* main.m */,
			);
			name = "Supporting Files";
			sourceTree = "<group>";
		};
		7DD9FB8D1BF42BCC009956E5 /* SoundVisionTests */ = {
			isa = PBXGroup;
			children = (
				7DD9FB901BF42BCC009956E5 /* SoundVisionTests.m */,
				7DD9FB8E1BF42BCC009956E5 /* Supporting Files */,
			);
			path = SoundVisionTests;
			sourceTree = "<group>";
		};
		7DD9FB8E1BF42BCC009956E5 /* Supporting Files */ = {
			isa = PBXGroup;
			children = (
				7DD9FB8F1BF42BCC009956E5 /* Info.plist */,
			);
			name = "Supporting Files";
			sourceTree = "<group>";
		};
/* End PBXGroup section */

/* Begin PBXNativeTarget section */
		7DD9FB6D1BF42BCB009956E5 /* SoundVision */ = {
			isa = PBXNativeTarget;
			buildConfigurationList = 7DD9FB941BF42BCC009956E5 /* Build configuration list for PBXNativeTarget "SoundVision" */;
			buildPhases = (
				7DD9FB6A1BF42BCB009956E5 /* Sources */,
				7DD9FB6B1BF42BCB009956E5 /* Frameworks */,
				7DD9FB6C1BF42BCB009956E5 /* Resources */,
			);
			buildRules = (
			);
			dependencies = (
			);
			name = SoundVision;
			productName = SoundVision;
			productReference = 7DD9FB6E1BF42BCB009956E5 /* SoundVision.app */;
			productType = "com.apple.product-type.application";
		};
		7DD9FB891BF42BCC009956E5 /* SoundVisionTests */ = {
			isa = PBXNativeTarget;
			buildConfigurationList = 7DD9FB971BF42BCC009956E5 /* Build configuration list for PBXNativeTarget "SoundVisionTests" */;
			buildPhases = (
				7DD9FB861BF42BCC009956E5 /* Sources */,
				7DD9FB871BF42BCC009956E5 /* Frameworks */,
				7DD9FB881BF42BCC009956E5 /* Resources */,
			);
			buildRules = (
			);
			dependencies = (
				7DD9FB8C1BF42BCC009956E5 /* PBXTargetDependency */,
			);
			name = SoundVisionTests;
			productName = SoundVisionTests;
			productReference = 7DD9FB8A1BF42BCC009956E5 /* SoundVisionTests.xctest */;
			productType = "com.apple.product-type.bundle.unit-test";
		};
/* End PBXNativeTarget section */

/* Begin PBXProject section */
		7DD9FB661BF42BCB009956E5 /* Project object */ = {
			isa = PBXProject;
			attributes = {
				LastUpgradeCheck = 0610;
				ORGANIZATIONNAME = "Yosuke Sugishita";
				TargetAttributes = {
					7DD9FB6D1BF42BCB009956E5 = {
						CreatedOnToolsVersion = 6.1;
					};
					7DD9FB891BF42BCC009956E5 = {
						CreatedOnToolsVersion = 6.1;
						TestTargetID = 7DD9FB6D1BF42BCB009956E5;
					};
				};
			};
			buildConfigurationList = 7DD9FB691BF42BCB009956E5 /* Build configuration list for PBXProject "SoundVision" */;
			compatibilityVersion = "Xcode 3.2";
			developmentRegion = English;
			hasScannedForEncodings = 0;
			knownRegions = (
				en,
				Base,
			);
			mainGroup = 7DD9FB651BF42BCB009956E5;
			productRefGroup = 7DD9FB6F1BF42BCB009956E5 /* Products */;
			projectDirPath = "";
			projectRoot = "";
			targets = (
				7DD9FB6D1BF42BCB009956E5 /* SoundVision */,
				7DD9FB891BF42BCC009956E5 /* SoundVisionTests */,
			);
		};
/* End PBXProject section */

/* Begin PBXResourcesBuildPhase section */
		7DD9FB6C1BF42BCB009956E5 /* Resources */ = {
			isa = PBXResourcesBuildPhase;
			buildActionMask = 2147483647;
			files = (
				7DD9FB801BF42BCC009956E5 /* Main.storyboard in Resources */,
				7DD9FB851BF42BCC009956E5 /* LaunchScreen.xib in Resources */,
				7DD9FB821BF42BCC009956E5 /* Images.xcassets in Resources */,
			);
			runOnlyForDeploymentPostprocessing = 0;
		};
		7DD9FB881BF42BCC009956E5 /* Resources */ = {
			isa = PBXResourcesBuildPhase;
			buildActionMask = 2147483647;
			files = (
			);
			runOnlyForDeploymentPostprocessing = 0;
		};
/* End PBXResourcesBuildPhase section */

/* Begin PBXSourcesBuildPhase section */
		7DD9FB6A1BF42BCB009956E5 /* Sources */ = {
			isa = PBXSourcesBuildPhase;
			buildActionMask = 2147483647;
			files = (
				7DD9FB7D1BF42BCC009956E5 /* SecondViewController.m in Sources */,
				7DD9FB771BF42BCC009956E5 /* AppDelegate.m in Sources */,
				7DD9FB7A1BF42BCC009956E5 /* FirstViewController.m in Sources */,
				7DD9FB741BF42BCC009956E5 /* main.m in Sources */,
			);
			runOnlyForDeploymentPostprocessing = 0;
		};
		7DD9FB861BF42BCC009956E5 /* Sources */ = {
			isa = PBXSourcesBuildPhase;
			buildActionMask = 2147483647;
			files = (
				7DD9FB911BF42BCC009956E5 /* SoundVisionTests.m in Sources */,
			);
			runOnlyForDeploymentPostprocessing = 0;
		};
/* End PBXSourcesBuildPhase section */

/* Begin PBXTargetDependency section */
		7DD9FB8C1BF42BCC009956E5 /* PBXTargetDependency */ = {
			isa = PBXTargetDependency;
			target = 7DD9FB6D1BF42BCB009956E5 /* SoundVision */;
			targetProxy = 7DD9FB8B1BF42BCC009956E5 /* PBXContainerItemProxy */;
		};
/* End PBXTargetDependency section */

/* Begin PBXVariantGroup section */
		7DD9FB7E1BF42BCC009956E5 /* Main.storyboard */ = {
			isa = PBXVariantGroup;
			children = (
				7DD9FB7F1BF42BCC009956E5 /* Base */,
			);
			name = Main.storyboard;
			sourceTree = "<group>";
		};
		7DD9FB831BF42BCC009956E5 /* LaunchScreen.xib */ = {
			isa = PBXVariantGroup;
			children = (
				7DD9FB841BF42BCC009956E5 /* Base */,
			);
			name = LaunchScreen.xib;
			sourceTree = "<group>";
		};
/* End PBXVariantGroup section */

/* Begin XCBuildConfiguration section */
		7DD9FB921BF42BCC009956E5 /* Debug */ = {
			isa = XCBuildConfiguration;
			buildSettings = {
				ALWAYS_SEARCH_USER_PATHS = NO;
				CLANG_CXX_LANGUAGE_STANDARD = "gnu++0x";
				CLANG_CXX_LIBRARY = "libc++";
				CLANG_ENABLE_MODULES = YES;
				CLANG_ENABLE_OBJC_ARC = YES;
				CLANG_WARN_BOOL_CONVERSION = YES;
				CLANG_WARN_CONSTANT_CONVERSION = YES;
				CLANG_WARN_DIRECT_OBJC_ISA_USAGE = YES_ERROR;
				CLANG_WARN_EMPTY_BODY = YES;
				CLANG_WARN_ENUM_CONVERSION = YES;
				CLANG_WARN_INT_CONVERSION = YES;
				CLANG_WARN_OBJC_ROOT_CLASS = YES_ERROR;
				CLANG_WARN_UNREACHABLE_CODE = YES;
				CLANG_WARN__DUPLICATE_METHOD_MATCH = YES;
				"CODE_SIGN_IDENTITY[sdk=iphoneos*]" = "iPhone Developer";
				COPY_PHASE_STRIP = NO;
				ENABLE_STRICT_OBJC_MSGSEND = YES;
				GCC_C_LANGUAGE_STANDARD = gnu99;
				GCC_DYNAMIC_NO_PIC = NO;
				GCC_OPTIMIZATION_LEVEL = 0;
				GCC_PREPROCESSOR_DEFINITIONS = (
					"DEBUG=1",
					"$(inherited)",
				);
				GCC_SYMBOLS_PRIVATE_EXTERN = NO;
				GCC_WARN_64_TO_32_BIT_CONVERSION = YES;
				GCC_WARN_ABOUT_RETURN_TYPE = YES_ERROR;
				GCC_WARN_UNDECLARED_SELECTOR = YES;
				GCC_WARN_UNINITIALIZED_AUTOS = YES_AGGRESSIVE;
				GCC_WARN_UNUSED_FUNCTION = YES;
				GCC_WARN_UNUSED_VARIABLE = YES;
				IPHONEOS_DEPLOYMENT_TARGET = 8.1;
				MTL_ENABLE_DEBUG_INFO = YES;
				ONLY_ACTIVE_ARCH = YES;
				SDKROOT = iphoneos;
			};
			name = Debug;
		};
		7DD9FB931BF42BCC009956E5 /* Release */ = {
			isa = XCBuildConfiguration;
			buildSettings = {
				ALWAYS_SEARCH_USER_PATHS = NO;
				CLANG_CXX_LANGUAGE_STANDARD = "gnu++0x";
				CLANG_CXX_LIBRARY = "libc++";
				CLANG_ENABLE_MODULES = YES;
				CLANG_ENABLE_OBJC_ARC = YES;
				CLANG_WARN_BOOL_CONVERSION = YES;
				CLANG_WARN_CONSTANT_CONVERSION = YES;
				CLANG_WARN_DIRECT_OBJC_ISA_USAGE = YES_ERROR;
				CLANG_WARN_EMPTY_BODY = YES;
				CLANG_WARN_ENUM_CONVERSION = YES;
				CLANG_WARN_INT_CONVERSION = YES;
				CLANG_WARN_OBJC_ROOT_CLASS = YES_ERROR;
				CLANG_WARN_UNREACHABLE_CODE = YES;
				CLANG_WARN__DUPLICATE_METHOD_MATCH = YES;
				"CODE_SIGN_IDENTITY[sdk=iphoneos*]" = "iPhone Developer";
				COPY_PHASE_STRIP = YES;
				ENABLE_NS_ASSERTIONS = NO;
				ENABLE_STRICT_OBJC_MSGSEND = YES;
				GCC_C_LANGUAGE_STANDARD = gnu99;
				GCC_WARN_64_TO_32_BIT_CONVERSION = YES;
				GCC_WARN_ABOUT_RETURN_TYPE = YES_ERROR;
				GCC_WARN_UNDECLARED_SELECTOR = YES;
				GCC_WARN_UNINITIALIZED_AUTOS = YES_AGGRESSIVE;
				GCC_WARN_UNUSED_FUNCTION = YES;
				GCC_WARN_UNUSED_VARIABLE = YES;
				IPHONEOS_DEPLOYMENT_TARGET = 8.1;
				MTL_ENABLE_DEBUG_INFO = NO;
				SDKROOT = iphoneos;
				VALIDATE_PRODUCT = YES;
			};
			name = Release;
		};
		7DD9FB951BF42BCC009956E5 /* Debug */ = {
			isa = XCBuildConfiguration;
			buildSettings = {
				ASSETCATALOG_COMPILER_APPICON_NAME = AppIcon;
				INFOPLIST_FILE = SoundVision/Info.plist;
				LD_RUNPATH_SEARCH_PATHS = "$(inherited) @executable_path/Frameworks";
				PRODUCT_NAME = "$(TARGET_NAME)";
			};
			name = Debug;
		};
		7DD9FB961BF42BCC009956E5 /* Release */ = {
			isa = XCBuildConfiguration;
			buildSettings = {
				ASSETCATALOG_COMPILER_APPICON_NAME = AppIcon;
				INFOPLIST_FILE = SoundVision/Info.plist;
				LD_RUNPATH_SEARCH_PATHS = "$(inherited) @executable_path/Frameworks";
				PRODUCT_NAME = "$(TARGET_NAME)";
			};
			name = Release;
		};
		7DD9FB981BF42BCC009956E5 /* Debug */ = {
			isa = XCBuildConfiguration;
			buildSettings = {
				BUNDLE_LOADER = "$(TEST_HOST)";
				FRAMEWORK_SEARCH_PATHS = (
					"$(SDKROOT)/Developer/Library/Frameworks",
					"$(inherited)",
				);
				GCC_PREPROCESSOR_DEFINITIONS = (
					"DEBUG=1",
					"$(inherited)",
				);
				INFOPLIST_FILE = SoundVisionTests/Info.plist;
				LD_RUNPATH_SEARCH_PATHS = "$(inherited) @executable_path/Frameworks @loader_path/Frameworks";
				PRODUCT_NAME = "$(TARGET_NAME)";
				TEST_HOST = "$(BUILT_PRODUCTS_DIR)/SoundVision.app/SoundVision";
			};
			name = Debug;
		};
		7DD9FB991BF42BCC009956E5 /* Release */ = {
			isa = XCBuildConfiguration;
			buildSettings = {
				BUNDLE_LOADER = "$(TEST_HOST)";
				FRAMEWORK_SEARCH_PATHS = (
					"$(SDKROOT)/Developer/Library/Frameworks",
					"$(inherited)",
				);
				INFOPLIST_FILE = SoundVisionTests/Info.plist;
				LD_RUNPATH_SEARCH_PATHS = "$(inherited) @executable_path/Frameworks @loader_path/Frameworks";
				PRODUCT_NAME = "$(TARGET_NAME)";
				TEST_HOST = "$(BUILT_PRODUCTS_DIR)/SoundVision.app/SoundVision";
			};
			name = Release;
		};
/* End XCBuildConfiguration section */

/* Begin XCConfigurationList section */
		7DD9FB691BF42BCB009956E5 /* Build configuration list for PBXProject "SoundVision" */ = {
			isa = XCConfigurationList;
			buildConfigurations = (
				7DD9FB921BF42BCC009956E5 /* Debug */,
				7DD9FB931BF42BCC009956E5 /* Release */,
			);
			defaultConfigurationIsVisible = 0;
			defaultConfigurationName = Release;
		};
		7DD9FB941BF42BCC009956E5 /* Build configuration list for PBXNativeTarget "SoundVision" */ = {
			isa = XCConfigurationList;
			buildConfigurations = (
				7DD9FB951BF42BCC009956E5 /* Debug */,
				7DD9FB961BF42BCC009956E5 /* Release */,
			);
			defaultConfigurationIsVisible = 0;
		};
		7DD9FB971BF42BCC009956E5 /* Build configuration list for PBXNativeTarget "SoundVisionTests" */ = {
			isa = XCConfigurationList;
			buildConfigurations = (
				7DD9FB981BF42BCC009956E5 /* Debug */,
				7DD9FB991BF42BCC009956E5 /* Release */,
			);
			defaultConfigurationIsVisible = 0;
		};
/* End XCConfigurationList section */
	};
	rootObject = 7DD9FB661BF42BCB009956E5 /* Project object */;
}
